
Microsoft Visual Studio Solution File, Format Version 12.00
# Visual Studio Version 17
VisualStudioVersion = 17.8.34316.72
MinimumVisualStudioVersion = 10.0.40219.1
Project("{9A19103F-16F7-4668-BE54-9A1E7A4F7556}") = "OpenBusDataAPI", "OpenBusDataAPI\OpenBusDataAPI.csproj", "{72B588D5-45AC-4DD8-9AF6-45445BB6647D}"
EndProject
Project("{9A19103F-16F7-4668-BE54-9A1E7A4F7556}") = "OpenBusAPIPlayground", "OpenBusAPIPlayground\OpenBusAPIPlayground.csproj", "{79AC3316-22AE-4063-AE7D-235A77698BF2}"
EndProject
Global
	GlobalSection(SolutionConfigurationPlatforms) = preSolution
		Debug|Any CPU = Debug|Any CPU
		Release|Any CPU = Release|Any CPU
	EndGlobalSection
	GlobalSection(ProjectConfigurationPlatforms) = postSolution
		{72B588D5-45AC-4DD8-9AF6-45445BB6647D}.Debug|Any CPU.ActiveCfg = Debug|Any CPU
		{72B588D5-45AC-4DD8-9AF6-45445BB6647D}.Debug|Any CPU.Build.0 = Debug|Any CPU
		{72B588D5-45AC-4DD8-9AF6-45445BB6647D}.Release|Any CPU.ActiveCfg = Release|Any CPU
		{72B588D5-45AC-4DD8-9AF6-45445BB6647D}.Release|Any CPU.Build.0 = Release|Any CPU
		{79AC3316-22AE-4063-AE7D-235A77698BF2}.Debug|Any CPU.ActiveCfg = Debug|Any CPU
		{79AC3316-22AE-4063-AE7D-235A77698BF2}.Debug|Any CPU.Build.0 = Debug|Any CPU
		{79AC3316-22AE-4063-AE7D-235A77698BF2}.Release|Any CPU.ActiveCfg = Release|Any CPU
		{79AC3316-22AE-4063-AE7D-235A77698BF2}.Release|Any CPU.Build.0 = Release|Any CPU
	EndGlobalSection
	GlobalSection(SolutionProperties) = preSolution
		HideSolutionNode = FALSE
	EndGlobalSection
	GlobalSection(ExtensibilityGlobals) = postSolution
		SolutionGuid = {376BE13C-33F7-4579-8F0B-2C7432E510F0}
	EndGlobalSection
EndGlobal
